Microsoft Visual Studio Solution File, Format Version 11.00
# Visual Studio 2008

Project("{81AF76D0-8AF8-D206-84FF-48387DF29AD2}") = "jogo-avancando0.4", "Assembly-CSharp.csproj", "{39873ED7-95C3-A054-7FAA-838D74ACADCA}"
EndProject
Project("{81AF76D0-8AF8-D206-84FF-48387DF29AD2}") = "jogo-avancando0.4", "Assembly-UnityScript-firstpass.unityproj", "{20D6998A-483A-5A12-6914-057F5FB88FEA}"
EndProject
Global
	GlobalSection(SolutionConfigurationPlatforms) = preSolution
		Debug|Any CPU = Debug|Any CPU
		Release|Any CPU = Release|Any CPU
	EndGlobalSection
	GlobalSection(ProjectConfigurationPlatforms) = postSolution
		{39873ED7-95C3-A054-7FAA-838D74ACADCA}.Debug|Any CPU.ActiveCfg = Debug|Any CPU
		{39873ED7-95C3-A054-7FAA-838D74ACADCA}.Debug|Any CPU.Build.0 = Debug|Any CPU
		{39873ED7-95C3-A054-7FAA-838D74ACADCA}.Release|Any CPU.ActiveCfg = Release|Any CPU
		{39873ED7-95C3-A054-7FAA-838D74ACADCA}.Release|Any CPU.Build.0 = Release|Any CPU
		{20D6998A-483A-5A12-6914-057F5FB88FEA}.Debug|Any CPU.ActiveCfg = Debug|Any CPU
		{20D6998A-483A-5A12-6914-057F5FB88FEA}.Debug|Any CPU.Build.0 = Debug|Any CPU
		{20D6998A-483A-5A12-6914-057F5FB88FEA}.Release|Any CPU.ActiveCfg = Release|Any CPU
		{20D6998A-483A-5A12-6914-057F5FB88FEA}.Release|Any CPU.Build.0 = Release|Any CPU
	EndGlobalSection
	GlobalSection(SolutionProperties) = preSolution
		HideSolutionNode = FALSE
	EndGlobalSection
																	GlobalSection(MonoDevelopProperties) = preSolution
		StartupItem = Assembly-CSharp.csproj
		Policies = $0
		$0.TextStylePolicy = $1
		$1.inheritsSet = null
		$1.scope = text/x-csharp
		$0.CSharpFormattingPolicy = $2
		$2.inheritsSet = Mono
		$2.inheritsScope = text/x-csharp
		$2.scope = text/x-csharp
		$0.TextStylePolicy = $3
		$3.FileWidth = 120
		$3.TabWidth = 4
		$3.EolMarker = Unix
		$3.inheritsSet = Mono
		$3.inheritsScope = text/plain
		$3.scope = text/plain
	EndGlobalSection

EndGlobal
